
Microsoft Visual Studio Solution File, Format Version 12.00
# Visual Studio Version 17
VisualStudioVersion = 17.14.36301.6 d17.14
MinimumVisualStudioVersion = 10.0.40219.1
Project("{FAE04EC0-301F-11D3-BF4B-00C04F79EFBC}") = "sesion3-iti", "sesion3-iti.csproj", "{01C2088B-8BBA-449D-8C8E-E829583CD487}"
EndProject
Global
	GlobalSection(SolutionConfigurationPlatforms) = preSolution
		Debug|Any CPU = Debug|Any CPU
		Release|Any CPU = Release|Any CPU
	EndGlobalSection
	GlobalSection(ProjectConfigurationPlatforms) = postSolution
		{01C2088B-8BBA-449D-8C8E-E829583CD487}.Debug|Any CPU.ActiveCfg = Debug|Any CPU
		{01C2088B-8BBA-449D-8C8E-E829583CD487}.Debug|Any CPU.Build.0 = Debug|Any CPU
		{01C2088B-8BBA-449D-8C8E-E829583CD487}.Release|Any CPU.ActiveCfg = Release|Any CPU
		{01C2088B-8BBA-449D-8C8E-E829583CD487}.Release|Any CPU.Build.0 = Release|Any CPU
	EndGlobalSection
	GlobalSection(SolutionProperties) = preSolution
		HideSolutionNode = FALSE
	EndGlobalSection
	GlobalSection(ExtensibilityGlobals) = postSolution
		SolutionGuid = {CECAB6A9-B972-4DD0-87BA-249BF2205504}
	EndGlobalSection
EndGlobal
